# THIS IS AN AUTOGENERATED FILE. DO NOT EDIT THIS FILE DIRECTLY.
# yarn lockfile v1


date-and-time@^2.0.1:
  version "2.0.1"
  resolved "https://registry.yarnpkg.com/date-and-time/-/date-and-time-2.0.1.tgz#bc8b72704980e8a0979bb186118d30d02059ef04"
  integrity sha512-O7Xe5dLaqvY/aF/MFWArsAM1J4j7w1CSZlPCX9uHgmb+6SbkPd8Q4YOvfvH/cZGvFlJFfHOZKxQtmMUOoZhc/w==

is-minified-code@^2.0.0:
  version "2.0.0"
  resolved "https://registry.yarnpkg.com/is-minified-code/-/is-minified-code-2.0.0.tgz#14b5657f9645b64bfdbcc57864409ff38e025faf"
  integrity sha512-I1BHmOxm7owypunUWnYx2Ggdhg3lzdyJXLepi8NuR/IsvgVgkwjLj+12iYAGUklu0Xvy3nXGcDSKGbE0Q0Nkag==
